
Microsoft Visual Studio Solution File, Format Version 12.00
# Visual Studio Version 16
VisualStudioVersion = 16.0.31105.61
MinimumVisualStudioVersion = 10.0.40219.1
Project("{FAE04EC0-301F-11D3-BF4B-00C04F79EFBC}") = "INTERFACES_II", "INTERFACES_II\INTERFACES_II.csproj", "{0689D834-4EC9-4128-B944-029EEC9C1FF4}"
EndProject
Global
	GlobalSection(SolutionConfigurationPlatforms) = preSolution
		Debug|Any CPU = Debug|Any CPU
		Release|Any CPU = Release|Any CPU
	EndGlobalSection
	GlobalSection(ProjectConfigurationPlatforms) = postSolution
		{0689D834-4EC9-4128-B944-029EEC9C1FF4}.Debug|Any CPU.ActiveCfg = Debug|Any CPU
		{0689D834-4EC9-4128-B944-029EEC9C1FF4}.Debug|Any CPU.Build.0 = Debug|Any CPU
		{0689D834-4EC9-4128-B944-029EEC9C1FF4}.Release|Any CPU.ActiveCfg = Release|Any CPU
		{0689D834-4EC9-4128-B944-029EEC9C1FF4}.Release|Any CPU.Build.0 = Release|Any CPU
	EndGlobalSection
	GlobalSection(SolutionProperties) = preSolution
		HideSolutionNode = FALSE
	EndGlobalSection
	GlobalSection(ExtensibilityGlobals) = postSolution
		SolutionGuid = {FE2BAF42-4647-42D3-A493-E61B5F5DB577}
	EndGlobalSection
EndGlobal
