
Microsoft Visual Studio Solution File, Format Version 12.00
# Visual Studio Version 16
VisualStudioVersion = 16.0.31129.286
MinimumVisualStudioVersion = 10.0.40219.1
Project("{FAE04EC0-301F-11D3-BF4B-00C04F79EFBC}") = "EXPRESIONES_REGULARES_I", "EXPRESIONES_REGULARES_I\EXPRESIONES_REGULARES_I.csproj", "{0DA83258-A8A8-4ABA-9636-999C0889A179}"
EndProject
Global
	GlobalSection(SolutionConfigurationPlatforms) = preSolution
		Debug|Any CPU = Debug|Any CPU
		Release|Any CPU = Release|Any CPU
	EndGlobalSection
	GlobalSection(ProjectConfigurationPlatforms) = postSolution
		{0DA83258-A8A8-4ABA-9636-999C0889A179}.Debug|Any CPU.ActiveCfg = Debug|Any CPU
		{0DA83258-A8A8-4ABA-9636-999C0889A179}.Debug|Any CPU.Build.0 = Debug|Any CPU
		{0DA83258-A8A8-4ABA-9636-999C0889A179}.Release|Any CPU.ActiveCfg = Release|Any CPU
		{0DA83258-A8A8-4ABA-9636-999C0889A179}.Release|Any CPU.Build.0 = Release|Any CPU
	EndGlobalSection
	GlobalSection(SolutionProperties) = preSolution
		HideSolutionNode = FALSE
	EndGlobalSection
	GlobalSection(ExtensibilityGlobals) = postSolution
		SolutionGuid = {E05D3CC2-08F7-419D-87D9-86889D94D1DF}
	EndGlobalSection
EndGlobal
